<?xml version="1.0" encoding="UTF-8" standalone="yes" ?>
<CodeBlocks_project_file>
	<FileVersion major="1" minor="6" />
	<Project>
		<Option title="game" />
		<Option pch_mode="2" />
		<Option compiler="gcc" />
		<Build>
			<Target title="Debug">
				<Option output="bin/Debug/game" prefix_auto="1" extension_auto="1" />
				<Option object_output="obj/Debug/" />
				<Option type="1" />
				<Option compiler="gcc" />
				<Compiler>
					<Add option="-g" />
				</Compiler>
			</Target>
			<Target title="Release">
				<Option output="bin/Release/game" prefix_auto="1" extension_auto="1" />
				<Option object_output="obj/Release/" />
				<Option type="1" />
				<Option compiler="gcc" />
				<Compiler>
					<Add option="-O2" />
				</Compiler>
				<Linker>
					<Add option="-s" />
				</Linker>
			</Target>
		</Build>
		<Compiler>
			<Add option="-Wall" />
			<Add option="-fexceptions" />
		</Compiler>
		<Unit filename="3x3NumericalTic-Tac-Toe.cpp" />
		<Unit filename="3x3NumericalTic-Tac-Toe.h" />
		<Unit filename="3x3X_O.cpp" />
		<Unit filename="3x3X_O.h" />
		<Unit filename="7x6_FIAR.cpp" />
		<Unit filename="7x6_FIAR.h" />
		<Unit filename="BoardGame_Classes.h" />
		<Unit filename="MinMaxPlayer.h" />
		<Unit filename="Ultimate.cpp" />
		<Unit filename="Ultimate.h" />
		<Unit filename="main.cpp" />
		<Extensions />
	</Project>
</CodeBlocks_project_file>
